{
  "requires": true,
  "lockfileVersion": 1,
  "dependencies": {
    "gitgraph.js": {
      "version": "1.14.0",
      "resolved": "https://registry.npmjs.org/gitgraph.js/-/gitgraph.js-1.14.0.tgz",
      "integrity": "sha512-IY4cKcjx79k0EG1f1mCLnIdupy76sXsTn4HZ8a4BDaBze61F/mf+53I7xPCCEX6g3Tru8aR8sxrpxV7G9yfGew=="
    }
  }
}
